
Microsoft Visual Studio Solution File, Format Version 12.00
# Visual Studio Version 17
VisualStudioVersion = 17.3.32804.467
MinimumVisualStudioVersion = 10.0.40219.1
Project("{9A19103F-16F7-4668-BE54-9A1E7A4F7556}") = "GRSMU.Bot.Common", "src\Common\GRSMU.Bot.Common\GRSMU.Bot.Common.csproj", "{41C0280D-B684-477B-A893-36F645DAAE9D}"
EndProject
Project("{9A19103F-16F7-4668-BE54-9A1E7A4F7556}") = "GRSMU.Bot.Data", "src\Core\GRSMU.Bot.Data\GRSMU.Bot.Data.csproj", "{146D15FF-8E6A-49E8-AF57-1FB610AA906D}"
EndProject
Project("{9A19103F-16F7-4668-BE54-9A1E7A4F7556}") = "GRSMU.Bot.Application[old]", "src\Core\GRSMU.Bot.Application\GRSMU.Bot.Application[old].csproj", "{FB05B167-85DA-431F-8F4C-E7979174EEA5}"
EndProject
Project("{9A19103F-16F7-4668-BE54-9A1E7A4F7556}") = "GRSMU.Bot.Domain[old]", "src\Core\GRSMU.Bot.Domain\GRSMU.Bot.Domain[old].csproj", "{7E11273B-271A-488F-9425-780AAFE69414}"
EndProject
Project("{2150E333-8FDC-42A3-9474-1A3956D46DE8}") = "Common", "Common", "{441C9002-3662-48EA-963B-7DD5165E8C35}"
EndProject
Project("{2150E333-8FDC-42A3-9474-1A3956D46DE8}") = "Clients", "Clients", "{D3D17206-7573-4326-A229-122F77738ADE}"
EndProject
Project("{9A19103F-16F7-4668-BE54-9A1E7A4F7556}") = "GRSMU.Bot.Web[old]", "src\Clients\GRSMU.Bot.Web\GRSMU.Bot.Web[old].csproj", "{2B8A56EC-8800-4791-9073-2C6F7D165DB4}"
EndProject
Project("{9A19103F-16F7-4668-BE54-9A1E7A4F7556}") = "GRSMU.Bot.IoC[old]", "src\Common\GRSMU.Bot.IoC\GRSMU.Bot.IoC[old].csproj", "{8D32026A-B77E-43BC-AA76-81FD0B2CAEBB}"
EndProject
Project("{9A19103F-16F7-4668-BE54-9A1E7A4F7556}") = "GRSMU.Bot.Common.Data", "src\Common\GRSMU.Bot.Common.Data\GRSMU.Bot.Common.Data.csproj", "{C2B5F497-3E8A-4A0B-BBD4-4F6C746FF69A}"
EndProject
Project("{2150E333-8FDC-42A3-9474-1A3956D46DE8}") = "Core", "Core", "{EB285B1B-230E-49F0-9E43-4D90123D5DD2}"
EndProject
Project("{9A19103F-16F7-4668-BE54-9A1E7A4F7556}") = "GRSMU.Bot.Web.Core", "src\Clients\GRSMU.Bot.Web.Core\GRSMU.Bot.Web.Core.csproj", "{5B5A775A-EE76-4C09-A47E-C12C84F768E4}"
EndProject
Project("{9A19103F-16F7-4668-BE54-9A1E7A4F7556}") = "GRSMU.Bot.Common.Telegram", "src\Common\GRSMU.Bot.Common.Telegram\GRSMU.Bot.Common.Telegram.csproj", "{0623C6F2-8124-4312-9734-04E2EE0B36C6}"
EndProject
Project("{9A19103F-16F7-4668-BE54-9A1E7A4F7556}") = "GRSMU.Bot.Common.Web", "src\Common\GRSMU.Bot.Common.Web\GRSMU.Bot.Common.Web.csproj", "{0C679048-B8E2-44E7-ABF0-B3DF9744D519}"
EndProject
Project("{2150E333-8FDC-42A3-9474-1A3956D46DE8}") = "Tests", "Tests", "{AC276CC2-885C-4338-B1C4-1A604A243A9A}"
EndProject
Project("{9A19103F-16F7-4668-BE54-9A1E7A4F7556}") = "GRSMU.Core.Tests", "tests\GRSMU.Core.Tests\GRSMU.Core.Tests.csproj", "{87896315-7512-4952-ABC5-B169044E5381}"
EndProject
Project("{9A19103F-16F7-4668-BE54-9A1E7A4F7556}") = "GRSMU.Bot.Web.Api", "src\Clients\GRSMU.Bot.Web.Api\GRSMU.Bot.Web.Api.csproj", "{169A2694-3197-47D5-8A18-2A8F0F8BA985}"
EndProject
Project("{FAE04EC0-301F-11D3-BF4B-00C04F79EFBC}") = "GRSMU.Bot.Logic", "src\Core\GRSMU.Bot.Logic\GRSMU.Bot.Logic.csproj", "{FFD4656B-FCB1-44D6-B410-8AE0DD903843}"
EndProject
Global
	GlobalSection(SolutionConfigurationPlatforms) = preSolution
		Debug|Any CPU = Debug|Any CPU
		Release|Any CPU = Release|Any CPU
	EndGlobalSection
	GlobalSection(ProjectConfigurationPlatforms) = postSolution
		{41C0280D-B684-477B-A893-36F645DAAE9D}.Debug|Any CPU.ActiveCfg = Debug|Any CPU
		{41C0280D-B684-477B-A893-36F645DAAE9D}.Debug|Any CPU.Build.0 = Debug|Any CPU
		{41C0280D-B684-477B-A893-36F645DAAE9D}.Release|Any CPU.ActiveCfg = Release|Any CPU
		{41C0280D-B684-477B-A893-36F645DAAE9D}.Release|Any CPU.Build.0 = Release|Any CPU
		{146D15FF-8E6A-49E8-AF57-1FB610AA906D}.Debug|Any CPU.ActiveCfg = Debug|Any CPU
		{146D15FF-8E6A-49E8-AF57-1FB610AA906D}.Debug|Any CPU.Build.0 = Debug|Any CPU
		{146D15FF-8E6A-49E8-AF57-1FB610AA906D}.Release|Any CPU.ActiveCfg = Release|Any CPU
		{146D15FF-8E6A-49E8-AF57-1FB610AA906D}.Release|Any CPU.Build.0 = Release|Any CPU
		{FB05B167-85DA-431F-8F4C-E7979174EEA5}.Debug|Any CPU.ActiveCfg = Debug|Any CPU
		{FB05B167-85DA-431F-8F4C-E7979174EEA5}.Debug|Any CPU.Build.0 = Debug|Any CPU
		{FB05B167-85DA-431F-8F4C-E7979174EEA5}.Release|Any CPU.ActiveCfg = Release|Any CPU
		{FB05B167-85DA-431F-8F4C-E7979174EEA5}.Release|Any CPU.Build.0 = Release|Any CPU
		{7E11273B-271A-488F-9425-780AAFE69414}.Debug|Any CPU.ActiveCfg = Debug|Any CPU
		{7E11273B-271A-488F-9425-780AAFE69414}.Debug|Any CPU.Build.0 = Debug|Any CPU
		{7E11273B-271A-488F-9425-780AAFE69414}.Release|Any CPU.ActiveCfg = Release|Any CPU
		{7E11273B-271A-488F-9425-780AAFE69414}.Release|Any CPU.Build.0 = Release|Any CPU
		{2B8A56EC-8800-4791-9073-2C6F7D165DB4}.Debug|Any CPU.ActiveCfg = Debug|Any CPU
		{2B8A56EC-8800-4791-9073-2C6F7D165DB4}.Debug|Any CPU.Build.0 = Debug|Any CPU
		{2B8A56EC-8800-4791-9073-2C6F7D165DB4}.Release|Any CPU.ActiveCfg = Release|Any CPU
		{2B8A56EC-8800-4791-9073-2C6F7D165DB4}.Release|Any CPU.Build.0 = Release|Any CPU
		{8D32026A-B77E-43BC-AA76-81FD0B2CAEBB}.Debug|Any CPU.ActiveCfg = Debug|Any CPU
		{8D32026A-B77E-43BC-AA76-81FD0B2CAEBB}.Debug|Any CPU.Build.0 = Debug|Any CPU
		{8D32026A-B77E-43BC-AA76-81FD0B2CAEBB}.Release|Any CPU.ActiveCfg = Release|Any CPU
		{8D32026A-B77E-43BC-AA76-81FD0B2CAEBB}.Release|Any CPU.Build.0 = Release|Any CPU
		{C2B5F497-3E8A-4A0B-BBD4-4F6C746FF69A}.Debug|Any CPU.ActiveCfg = Debug|Any CPU
		{C2B5F497-3E8A-4A0B-BBD4-4F6C746FF69A}.Debug|Any CPU.Build.0 = Debug|Any CPU
		{C2B5F497-3E8A-4A0B-BBD4-4F6C746FF69A}.Release|Any CPU.ActiveCfg = Release|Any CPU
		{C2B5F497-3E8A-4A0B-BBD4-4F6C746FF69A}.Release|Any CPU.Build.0 = Release|Any CPU
		{5B5A775A-EE76-4C09-A47E-C12C84F768E4}.Debug|Any CPU.ActiveCfg = Debug|Any CPU
		{5B5A775A-EE76-4C09-A47E-C12C84F768E4}.Debug|Any CPU.Build.0 = Debug|Any CPU
		{5B5A775A-EE76-4C09-A47E-C12C84F768E4}.Release|Any CPU.ActiveCfg = Release|Any CPU
		{5B5A775A-EE76-4C09-A47E-C12C84F768E4}.Release|Any CPU.Build.0 = Release|Any CPU
		{0623C6F2-8124-4312-9734-04E2EE0B36C6}.Debug|Any CPU.ActiveCfg = Debug|Any CPU
		{0623C6F2-8124-4312-9734-04E2EE0B36C6}.Debug|Any CPU.Build.0 = Debug|Any CPU
		{0623C6F2-8124-4312-9734-04E2EE0B36C6}.Release|Any CPU.ActiveCfg = Release|Any CPU
		{0623C6F2-8124-4312-9734-04E2EE0B36C6}.Release|Any CPU.Build.0 = Release|Any CPU
		{0C679048-B8E2-44E7-ABF0-B3DF9744D519}.Debug|Any CPU.ActiveCfg = Debug|Any CPU
		{0C679048-B8E2-44E7-ABF0-B3DF9744D519}.Debug|Any CPU.Build.0 = Debug|Any CPU
		{0C679048-B8E2-44E7-ABF0-B3DF9744D519}.Release|Any CPU.ActiveCfg = Release|Any CPU
		{0C679048-B8E2-44E7-ABF0-B3DF9744D519}.Release|Any CPU.Build.0 = Release|Any CPU
		{87896315-7512-4952-ABC5-B169044E5381}.Debug|Any CPU.ActiveCfg = Debug|Any CPU
		{87896315-7512-4952-ABC5-B169044E5381}.Debug|Any CPU.Build.0 = Debug|Any CPU
		{87896315-7512-4952-ABC5-B169044E5381}.Release|Any CPU.ActiveCfg = Release|Any CPU
		{87896315-7512-4952-ABC5-B169044E5381}.Release|Any CPU.Build.0 = Release|Any CPU
		{169A2694-3197-47D5-8A18-2A8F0F8BA985}.Debug|Any CPU.ActiveCfg = Debug|Any CPU
		{169A2694-3197-47D5-8A18-2A8F0F8BA985}.Debug|Any CPU.Build.0 = Debug|Any CPU
		{169A2694-3197-47D5-8A18-2A8F0F8BA985}.Release|Any CPU.ActiveCfg = Release|Any CPU
		{169A2694-3197-47D5-8A18-2A8F0F8BA985}.Release|Any CPU.Build.0 = Release|Any CPU
		{FFD4656B-FCB1-44D6-B410-8AE0DD903843}.Debug|Any CPU.ActiveCfg = Debug|Any CPU
		{FFD4656B-FCB1-44D6-B410-8AE0DD903843}.Debug|Any CPU.Build.0 = Debug|Any CPU
		{FFD4656B-FCB1-44D6-B410-8AE0DD903843}.Release|Any CPU.ActiveCfg = Release|Any CPU
		{FFD4656B-FCB1-44D6-B410-8AE0DD903843}.Release|Any CPU.Build.0 = Release|Any CPU
	EndGlobalSection
	GlobalSection(SolutionProperties) = preSolution
		HideSolutionNode = FALSE
	EndGlobalSection
	GlobalSection(NestedProjects) = preSolution
		{41C0280D-B684-477B-A893-36F645DAAE9D} = {441C9002-3662-48EA-963B-7DD5165E8C35}
		{146D15FF-8E6A-49E8-AF57-1FB610AA906D} = {EB285B1B-230E-49F0-9E43-4D90123D5DD2}
		{FB05B167-85DA-431F-8F4C-E7979174EEA5} = {EB285B1B-230E-49F0-9E43-4D90123D5DD2}
		{7E11273B-271A-488F-9425-780AAFE69414} = {EB285B1B-230E-49F0-9E43-4D90123D5DD2}
		{2B8A56EC-8800-4791-9073-2C6F7D165DB4} = {D3D17206-7573-4326-A229-122F77738ADE}
		{8D32026A-B77E-43BC-AA76-81FD0B2CAEBB} = {441C9002-3662-48EA-963B-7DD5165E8C35}
		{C2B5F497-3E8A-4A0B-BBD4-4F6C746FF69A} = {441C9002-3662-48EA-963B-7DD5165E8C35}
		{5B5A775A-EE76-4C09-A47E-C12C84F768E4} = {D3D17206-7573-4326-A229-122F77738ADE}
		{0623C6F2-8124-4312-9734-04E2EE0B36C6} = {441C9002-3662-48EA-963B-7DD5165E8C35}
		{0C679048-B8E2-44E7-ABF0-B3DF9744D519} = {441C9002-3662-48EA-963B-7DD5165E8C35}
		{87896315-7512-4952-ABC5-B169044E5381} = {AC276CC2-885C-4338-B1C4-1A604A243A9A}
		{169A2694-3197-47D5-8A18-2A8F0F8BA985} = {D3D17206-7573-4326-A229-122F77738ADE}
		{FFD4656B-FCB1-44D6-B410-8AE0DD903843} = {EB285B1B-230E-49F0-9E43-4D90123D5DD2}
	EndGlobalSection
	GlobalSection(ExtensibilityGlobals) = postSolution
		SolutionGuid = {10530508-34ED-4342-AA81-44CEA4681F2F}
	EndGlobalSection
EndGlobal
