
Microsoft Visual Studio Solution File, Format Version 12.00
# Visual Studio Version 17
VisualStudioVersion = 17.3.32804.467
MinimumVisualStudioVersion = 10.0.40219.1
Project("{9A19103F-16F7-4668-BE54-9A1E7A4F7556}") = "GRSMU.TimeTableBot.ConsoleApp", "src\Clients\GRSMU.TimeTableBot.Console\GRSMU.TimeTableBot.ConsoleApp.csproj", "{61CED8AF-5F5E-401E-A90A-F026F5018E81}"
EndProject
Project("{9A19103F-16F7-4668-BE54-9A1E7A4F7556}") = "GRSMU.TimeTableBot.Common", "src\Common\GRSMU.TimeTableBot.Common\GRSMU.TimeTableBot.Common.csproj", "{41C0280D-B684-477B-A893-36F645DAAE9D}"
EndProject
Project("{9A19103F-16F7-4668-BE54-9A1E7A4F7556}") = "GRSMU.TimeTableBot.Core", "src\Core\GRSMU.TimeTableBot.Core\GRSMU.TimeTableBot.Core.csproj", "{C45764E2-F04A-4A33-BE9D-F9F695B18DEB}"
EndProject
Project("{9A19103F-16F7-4668-BE54-9A1E7A4F7556}") = "GRSMU.TimeTableBot.Data", "src\Core\GRSMU.TimeTableBot.Data\GRSMU.TimeTableBot.Data.csproj", "{146D15FF-8E6A-49E8-AF57-1FB610AA906D}"
EndProject
Project("{9A19103F-16F7-4668-BE54-9A1E7A4F7556}") = "GRSMU.TimeTableBot.Application", "src\Core\GRSMU.TimeTableBot.Application\GRSMU.TimeTableBot.Application.csproj", "{FB05B167-85DA-431F-8F4C-E7979174EEA5}"
EndProject
Project("{9A19103F-16F7-4668-BE54-9A1E7A4F7556}") = "GRSMU.TimeTableBot.Domain", "src\Core\GRSMU.TimeTableBot.Domain\GRSMU.TimeTableBot.Domain.csproj", "{7E11273B-271A-488F-9425-780AAFE69414}"
EndProject
Project("{2150E333-8FDC-42A3-9474-1A3956D46DE8}") = "Common", "Common", "{441C9002-3662-48EA-963B-7DD5165E8C35}"
EndProject
Project("{2150E333-8FDC-42A3-9474-1A3956D46DE8}") = "Clients", "Clients", "{D3D17206-7573-4326-A229-122F77738ADE}"
EndProject
Project("{9A19103F-16F7-4668-BE54-9A1E7A4F7556}") = "GRSMU.TimeTableBot.Web", "src\Clients\GRSMU.TimeTableBot.Web\GRSMU.TimeTableBot.Web.csproj", "{2B8A56EC-8800-4791-9073-2C6F7D165DB4}"
EndProject
Project("{9A19103F-16F7-4668-BE54-9A1E7A4F7556}") = "GRSMU.TimeTableBot.IoC", "src\Common\GRSMU.TimeTableBot.IoC\GRSMU.TimeTableBot.IoC.csproj", "{8D32026A-B77E-43BC-AA76-81FD0B2CAEBB}"
EndProject
Project("{9A19103F-16F7-4668-BE54-9A1E7A4F7556}") = "GRSMU.TimeTableBot.Common.Data", "src\Common\GRSMU.TimeTableBot.Common.Data\GRSMU.TimeTableBot.Common.Data.csproj", "{C2B5F497-3E8A-4A0B-BBD4-4F6C746FF69A}"
EndProject
Project("{2150E333-8FDC-42A3-9474-1A3956D46DE8}") = "Core", "Core", "{EB285B1B-230E-49F0-9E43-4D90123D5DD2}"
EndProject
Project("{9A19103F-16F7-4668-BE54-9A1E7A4F7556}") = "GRSMU.TimeTableBot.Web.Core", "src\Clients\GRSMU.TimeTableBot.Web.Core\GRSMU.TimeTableBot.Web.Core.csproj", "{5B5A775A-EE76-4C09-A47E-C12C84F768E4}"
EndProject
Project("{9A19103F-16F7-4668-BE54-9A1E7A4F7556}") = "GRSMU.TimeTableBot.Common.Telegram", "src\Common\GRSMU.TimeTableBot.Common.Telegram\GRSMU.TimeTableBot.Common.Telegram.csproj", "{0623C6F2-8124-4312-9734-04E2EE0B36C6}"
EndProject
Project("{FAE04EC0-301F-11D3-BF4B-00C04F79EFBC}") = "GRSMU.Bot.Common.Web", "src\Common\GRSMU.Bot.Common.Web\GRSMU.Bot.Common.Web.csproj", "{0C679048-B8E2-44E7-ABF0-B3DF9744D519}"
EndProject
Global
	GlobalSection(SolutionConfigurationPlatforms) = preSolution
		Debug|Any CPU = Debug|Any CPU
		Release|Any CPU = Release|Any CPU
	EndGlobalSection
	GlobalSection(ProjectConfigurationPlatforms) = postSolution
		{61CED8AF-5F5E-401E-A90A-F026F5018E81}.Debug|Any CPU.ActiveCfg = Debug|Any CPU
		{61CED8AF-5F5E-401E-A90A-F026F5018E81}.Debug|Any CPU.Build.0 = Debug|Any CPU
		{61CED8AF-5F5E-401E-A90A-F026F5018E81}.Release|Any CPU.ActiveCfg = Release|Any CPU
		{61CED8AF-5F5E-401E-A90A-F026F5018E81}.Release|Any CPU.Build.0 = Release|Any CPU
		{41C0280D-B684-477B-A893-36F645DAAE9D}.Debug|Any CPU.ActiveCfg = Debug|Any CPU
		{41C0280D-B684-477B-A893-36F645DAAE9D}.Debug|Any CPU.Build.0 = Debug|Any CPU
		{41C0280D-B684-477B-A893-36F645DAAE9D}.Release|Any CPU.ActiveCfg = Release|Any CPU
		{41C0280D-B684-477B-A893-36F645DAAE9D}.Release|Any CPU.Build.0 = Release|Any CPU
		{C45764E2-F04A-4A33-BE9D-F9F695B18DEB}.Debug|Any CPU.ActiveCfg = Debug|Any CPU
		{C45764E2-F04A-4A33-BE9D-F9F695B18DEB}.Debug|Any CPU.Build.0 = Debug|Any CPU
		{C45764E2-F04A-4A33-BE9D-F9F695B18DEB}.Release|Any CPU.ActiveCfg = Release|Any CPU
		{C45764E2-F04A-4A33-BE9D-F9F695B18DEB}.Release|Any CPU.Build.0 = Release|Any CPU
		{146D15FF-8E6A-49E8-AF57-1FB610AA906D}.Debug|Any CPU.ActiveCfg = Debug|Any CPU
		{146D15FF-8E6A-49E8-AF57-1FB610AA906D}.Debug|Any CPU.Build.0 = Debug|Any CPU
		{146D15FF-8E6A-49E8-AF57-1FB610AA906D}.Release|Any CPU.ActiveCfg = Release|Any CPU
		{146D15FF-8E6A-49E8-AF57-1FB610AA906D}.Release|Any CPU.Build.0 = Release|Any CPU
		{FB05B167-85DA-431F-8F4C-E7979174EEA5}.Debug|Any CPU.ActiveCfg = Debug|Any CPU
		{FB05B167-85DA-431F-8F4C-E7979174EEA5}.Debug|Any CPU.Build.0 = Debug|Any CPU
		{FB05B167-85DA-431F-8F4C-E7979174EEA5}.Release|Any CPU.ActiveCfg = Release|Any CPU
		{FB05B167-85DA-431F-8F4C-E7979174EEA5}.Release|Any CPU.Build.0 = Release|Any CPU
		{7E11273B-271A-488F-9425-780AAFE69414}.Debug|Any CPU.ActiveCfg = Debug|Any CPU
		{7E11273B-271A-488F-9425-780AAFE69414}.Debug|Any CPU.Build.0 = Debug|Any CPU
		{7E11273B-271A-488F-9425-780AAFE69414}.Release|Any CPU.ActiveCfg = Release|Any CPU
		{7E11273B-271A-488F-9425-780AAFE69414}.Release|Any CPU.Build.0 = Release|Any CPU
		{2B8A56EC-8800-4791-9073-2C6F7D165DB4}.Debug|Any CPU.ActiveCfg = Debug|Any CPU
		{2B8A56EC-8800-4791-9073-2C6F7D165DB4}.Debug|Any CPU.Build.0 = Debug|Any CPU
		{2B8A56EC-8800-4791-9073-2C6F7D165DB4}.Release|Any CPU.ActiveCfg = Release|Any CPU
		{2B8A56EC-8800-4791-9073-2C6F7D165DB4}.Release|Any CPU.Build.0 = Release|Any CPU
		{8D32026A-B77E-43BC-AA76-81FD0B2CAEBB}.Debug|Any CPU.ActiveCfg = Debug|Any CPU
		{8D32026A-B77E-43BC-AA76-81FD0B2CAEBB}.Debug|Any CPU.Build.0 = Debug|Any CPU
		{8D32026A-B77E-43BC-AA76-81FD0B2CAEBB}.Release|Any CPU.ActiveCfg = Release|Any CPU
		{8D32026A-B77E-43BC-AA76-81FD0B2CAEBB}.Release|Any CPU.Build.0 = Release|Any CPU
		{C2B5F497-3E8A-4A0B-BBD4-4F6C746FF69A}.Debug|Any CPU.ActiveCfg = Debug|Any CPU
		{C2B5F497-3E8A-4A0B-BBD4-4F6C746FF69A}.Debug|Any CPU.Build.0 = Debug|Any CPU
		{C2B5F497-3E8A-4A0B-BBD4-4F6C746FF69A}.Release|Any CPU.ActiveCfg = Release|Any CPU
		{C2B5F497-3E8A-4A0B-BBD4-4F6C746FF69A}.Release|Any CPU.Build.0 = Release|Any CPU
		{5B5A775A-EE76-4C09-A47E-C12C84F768E4}.Debug|Any CPU.ActiveCfg = Debug|Any CPU
		{5B5A775A-EE76-4C09-A47E-C12C84F768E4}.Debug|Any CPU.Build.0 = Debug|Any CPU
		{5B5A775A-EE76-4C09-A47E-C12C84F768E4}.Release|Any CPU.ActiveCfg = Release|Any CPU
		{5B5A775A-EE76-4C09-A47E-C12C84F768E4}.Release|Any CPU.Build.0 = Release|Any CPU
		{0623C6F2-8124-4312-9734-04E2EE0B36C6}.Debug|Any CPU.ActiveCfg = Debug|Any CPU
		{0623C6F2-8124-4312-9734-04E2EE0B36C6}.Debug|Any CPU.Build.0 = Debug|Any CPU
		{0623C6F2-8124-4312-9734-04E2EE0B36C6}.Release|Any CPU.ActiveCfg = Release|Any CPU
		{0623C6F2-8124-4312-9734-04E2EE0B36C6}.Release|Any CPU.Build.0 = Release|Any CPU
		{0C679048-B8E2-44E7-ABF0-B3DF9744D519}.Debug|Any CPU.ActiveCfg = Debug|Any CPU
		{0C679048-B8E2-44E7-ABF0-B3DF9744D519}.Debug|Any CPU.Build.0 = Debug|Any CPU
		{0C679048-B8E2-44E7-ABF0-B3DF9744D519}.Release|Any CPU.ActiveCfg = Release|Any CPU
		{0C679048-B8E2-44E7-ABF0-B3DF9744D519}.Release|Any CPU.Build.0 = Release|Any CPU
	EndGlobalSection
	GlobalSection(SolutionProperties) = preSolution
		HideSolutionNode = FALSE
	EndGlobalSection
	GlobalSection(NestedProjects) = preSolution
		{61CED8AF-5F5E-401E-A90A-F026F5018E81} = {D3D17206-7573-4326-A229-122F77738ADE}
		{41C0280D-B684-477B-A893-36F645DAAE9D} = {441C9002-3662-48EA-963B-7DD5165E8C35}
		{C45764E2-F04A-4A33-BE9D-F9F695B18DEB} = {EB285B1B-230E-49F0-9E43-4D90123D5DD2}
		{146D15FF-8E6A-49E8-AF57-1FB610AA906D} = {EB285B1B-230E-49F0-9E43-4D90123D5DD2}
		{FB05B167-85DA-431F-8F4C-E7979174EEA5} = {EB285B1B-230E-49F0-9E43-4D90123D5DD2}
		{7E11273B-271A-488F-9425-780AAFE69414} = {EB285B1B-230E-49F0-9E43-4D90123D5DD2}
		{2B8A56EC-8800-4791-9073-2C6F7D165DB4} = {D3D17206-7573-4326-A229-122F77738ADE}
		{8D32026A-B77E-43BC-AA76-81FD0B2CAEBB} = {441C9002-3662-48EA-963B-7DD5165E8C35}
		{C2B5F497-3E8A-4A0B-BBD4-4F6C746FF69A} = {441C9002-3662-48EA-963B-7DD5165E8C35}
		{5B5A775A-EE76-4C09-A47E-C12C84F768E4} = {D3D17206-7573-4326-A229-122F77738ADE}
		{0623C6F2-8124-4312-9734-04E2EE0B36C6} = {441C9002-3662-48EA-963B-7DD5165E8C35}
		{0C679048-B8E2-44E7-ABF0-B3DF9744D519} = {441C9002-3662-48EA-963B-7DD5165E8C35}
	EndGlobalSection
	GlobalSection(ExtensibilityGlobals) = postSolution
		SolutionGuid = {10530508-34ED-4342-AA81-44CEA4681F2F}
	EndGlobalSection
EndGlobal
